
Microsoft Visual Studio Solution File, Format Version 12.00
# Visual Studio Version 17
VisualStudioVersion = 17.3.32929.385
MinimumVisualStudioVersion = 10.0.40219.1
Project("{FAE04EC0-301F-11D3-BF4B-00C04F79EFBC}") = "LoginApplication", "LoginApplication\LoginApplication.csproj", "{46244813-C691-4967-9347-98F36A917B42}"
EndProject
Global
	GlobalSection(SolutionConfigurationPlatforms) = preSolution
		Debug|Any CPU = Debug|Any CPU
		Release|Any CPU = Release|Any CPU
	EndGlobalSection
	GlobalSection(ProjectConfigurationPlatforms) = postSolution
		{46244813-C691-4967-9347-98F36A917B42}.Debug|Any CPU.ActiveCfg = Debug|Any CPU
		{46244813-C691-4967-9347-98F36A917B42}.Debug|Any CPU.Build.0 = Debug|Any CPU
		{46244813-C691-4967-9347-98F36A917B42}.Release|Any CPU.ActiveCfg = Release|Any CPU
		{46244813-C691-4967-9347-98F36A917B42}.Release|Any CPU.Build.0 = Release|Any CPU
	EndGlobalSection
	GlobalSection(SolutionProperties) = preSolution
		HideSolutionNode = FALSE
	EndGlobalSection
	GlobalSection(ExtensibilityGlobals) = postSolution
		SolutionGuid = {25CDEC86-5CC0-4F20-B8C2-239EDA5BB6CA}
	EndGlobalSection
EndGlobal
